
Microsoft Visual Studio Solution File, Format Version 12.00
# Visual Studio Version 16
VisualStudioVersion = 16.0.30011.22
MinimumVisualStudioVersion = 10.0.40219.1
Project("{9A19103F-16F7-4668-BE54-9A1E7A4F7556}") = "MicroserviceCRUD", "MicroserviceCRUD.csproj", "{4FA0BDEB-2804-402A-9FAB-BBF2F0D78A4E}"
EndProject
Project("{9A19103F-16F7-4668-BE54-9A1E7A4F7556}") = "core", "..\core\core.csproj", "{9EAF4D97-4054-4745-A93E-4739A5100629}"
EndProject
Project("{9A19103F-16F7-4668-BE54-9A1E7A4F7556}") = "entities", "..\entities\entities.csproj", "{649B4592-76CF-446B-BD5A-CF7042930995}"
EndProject
Project("{9A19103F-16F7-4668-BE54-9A1E7A4F7556}") = "services", "..\services\services.csproj", "{81DE3DBC-3717-4459-AA9F-394302FBFAEB}"
EndProject
Global
	GlobalSection(SolutionConfigurationPlatforms) = preSolution
		Debug|Any CPU = Debug|Any CPU
		Release|Any CPU = Release|Any CPU
	EndGlobalSection
	GlobalSection(ProjectConfigurationPlatforms) = postSolution
		{4FA0BDEB-2804-402A-9FAB-BBF2F0D78A4E}.Debug|Any CPU.ActiveCfg = Debug|Any CPU
		{4FA0BDEB-2804-402A-9FAB-BBF2F0D78A4E}.Debug|Any CPU.Build.0 = Debug|Any CPU
		{4FA0BDEB-2804-402A-9FAB-BBF2F0D78A4E}.Release|Any CPU.ActiveCfg = Release|Any CPU
		{4FA0BDEB-2804-402A-9FAB-BBF2F0D78A4E}.Release|Any CPU.Build.0 = Release|Any CPU
		{9EAF4D97-4054-4745-A93E-4739A5100629}.Debug|Any CPU.ActiveCfg = Debug|Any CPU
		{9EAF4D97-4054-4745-A93E-4739A5100629}.Debug|Any CPU.Build.0 = Debug|Any CPU
		{9EAF4D97-4054-4745-A93E-4739A5100629}.Release|Any CPU.ActiveCfg = Release|Any CPU
		{9EAF4D97-4054-4745-A93E-4739A5100629}.Release|Any CPU.Build.0 = Release|Any CPU
		{649B4592-76CF-446B-BD5A-CF7042930995}.Debug|Any CPU.ActiveCfg = Debug|Any CPU
		{649B4592-76CF-446B-BD5A-CF7042930995}.Debug|Any CPU.Build.0 = Debug|Any CPU
		{649B4592-76CF-446B-BD5A-CF7042930995}.Release|Any CPU.ActiveCfg = Release|Any CPU
		{649B4592-76CF-446B-BD5A-CF7042930995}.Release|Any CPU.Build.0 = Release|Any CPU
		{81DE3DBC-3717-4459-AA9F-394302FBFAEB}.Debug|Any CPU.ActiveCfg = Debug|Any CPU
		{81DE3DBC-3717-4459-AA9F-394302FBFAEB}.Debug|Any CPU.Build.0 = Debug|Any CPU
		{81DE3DBC-3717-4459-AA9F-394302FBFAEB}.Release|Any CPU.ActiveCfg = Release|Any CPU
		{81DE3DBC-3717-4459-AA9F-394302FBFAEB}.Release|Any CPU.Build.0 = Release|Any CPU
	EndGlobalSection
	GlobalSection(SolutionProperties) = preSolution
		HideSolutionNode = FALSE
	EndGlobalSection
	GlobalSection(ExtensibilityGlobals) = postSolution
		SolutionGuid = {252ECE53-F6BC-4EFB-AF4D-7CAE9370D022}
	EndGlobalSection
EndGlobal
